
Microsoft Visual Studio Solution File, Format Version 12.00
# Visual Studio 15
VisualStudioVersion = 15.0.27703.2000
MinimumVisualStudioVersion = 10.0.40219.1
Project("{FAE04EC0-301F-11D3-BF4B-00C04F79EFBC}") = "CoubSharp", "src\CoubSharp\CoubSharp.csproj", "{612436F3-F39B-48AB-81C7-70915514ECED}"
EndProject
Project("{FAE04EC0-301F-11D3-BF4B-00C04F79EFBC}") = "CoubSharp.Tests", "tests\CoubSharp.Tests\CoubSharp.Tests.csproj", "{93860D20-7241-468F-B7AD-4009A3A47B82}"
EndProject
Project("{2150E333-8FDC-42A3-9474-1A3956D46DE8}") = "src", "src", "{11DB07D8-4B63-4651-8636-79A4FB49FA99}"
EndProject
Project("{2150E333-8FDC-42A3-9474-1A3956D46DE8}") = "tests", "tests", "{6C65051B-889A-4FB6-A962-F32DB9BC4486}"
EndProject
Project("{2150E333-8FDC-42A3-9474-1A3956D46DE8}") = "samples", "samples", "{280219E4-37D5-4716-8EF9-285D36C65398}"
EndProject
Project("{FAE04EC0-301F-11D3-BF4B-00C04F79EFBC}") = "CoubSharp.ConsoleSample", "samples\CoubSharp.ConsoleSample\CoubSharp.ConsoleSample.csproj", "{9AFFD9E3-FD80-40F5-9919-6F07B193F411}"
EndProject
Global
	GlobalSection(SolutionConfigurationPlatforms) = preSolution
		Debug|Any CPU = Debug|Any CPU
		Release|Any CPU = Release|Any CPU
	EndGlobalSection
	GlobalSection(ProjectConfigurationPlatforms) = postSolution
		{612436F3-F39B-48AB-81C7-70915514ECED}.Debug|Any CPU.ActiveCfg = Debug|Any CPU
		{612436F3-F39B-48AB-81C7-70915514ECED}.Debug|Any CPU.Build.0 = Debug|Any CPU
		{612436F3-F39B-48AB-81C7-70915514ECED}.Release|Any CPU.ActiveCfg = Release|Any CPU
		{612436F3-F39B-48AB-81C7-70915514ECED}.Release|Any CPU.Build.0 = Release|Any CPU
		{93860D20-7241-468F-B7AD-4009A3A47B82}.Debug|Any CPU.ActiveCfg = Debug|Any CPU
		{93860D20-7241-468F-B7AD-4009A3A47B82}.Debug|Any CPU.Build.0 = Debug|Any CPU
		{93860D20-7241-468F-B7AD-4009A3A47B82}.Release|Any CPU.ActiveCfg = Release|Any CPU
		{93860D20-7241-468F-B7AD-4009A3A47B82}.Release|Any CPU.Build.0 = Release|Any CPU
		{9AFFD9E3-FD80-40F5-9919-6F07B193F411}.Debug|Any CPU.ActiveCfg = Debug|Any CPU
		{9AFFD9E3-FD80-40F5-9919-6F07B193F411}.Debug|Any CPU.Build.0 = Debug|Any CPU
		{9AFFD9E3-FD80-40F5-9919-6F07B193F411}.Release|Any CPU.ActiveCfg = Release|Any CPU
		{9AFFD9E3-FD80-40F5-9919-6F07B193F411}.Release|Any CPU.Build.0 = Release|Any CPU
	EndGlobalSection
	GlobalSection(SolutionProperties) = preSolution
		HideSolutionNode = FALSE
	EndGlobalSection
	GlobalSection(NestedProjects) = preSolution
		{612436F3-F39B-48AB-81C7-70915514ECED} = {11DB07D8-4B63-4651-8636-79A4FB49FA99}
		{93860D20-7241-468F-B7AD-4009A3A47B82} = {6C65051B-889A-4FB6-A962-F32DB9BC4486}
		{9AFFD9E3-FD80-40F5-9919-6F07B193F411} = {280219E4-37D5-4716-8EF9-285D36C65398}
	EndGlobalSection
	GlobalSection(ExtensibilityGlobals) = postSolution
		SolutionGuid = {1C2FF723-DB5F-40B9-B028-3D8BF1F4BC48}
	EndGlobalSection
EndGlobal
